
Microsoft Visual Studio Solution File, Format Version 12.00
# Visual Studio Version 17
VisualStudioVersion = 17.11.35303.130
MinimumVisualStudioVersion = 10.0.40219.1
Project("{9A19103F-16F7-4668-BE54-9A1E7A4F7556}") = "ClinicaWebApi", "ClinicaWebApi\ClinicaWebApi.csproj", "{6C206D9B-E628-4567-8D9F-764E5CA39368}"
EndProject
Global
	GlobalSection(SolutionConfigurationPlatforms) = preSolution
		Debug|Any CPU = Debug|Any CPU
		Release|Any CPU = Release|Any CPU
	EndGlobalSection
	GlobalSection(ProjectConfigurationPlatforms) = postSolution
		{6C206D9B-E628-4567-8D9F-764E5CA39368}.Debug|Any CPU.ActiveCfg = Debug|Any CPU
		{6C206D9B-E628-4567-8D9F-764E5CA39368}.Debug|Any CPU.Build.0 = Debug|Any CPU
		{6C206D9B-E628-4567-8D9F-764E5CA39368}.Release|Any CPU.ActiveCfg = Release|Any CPU
		{6C206D9B-E628-4567-8D9F-764E5CA39368}.Release|Any CPU.Build.0 = Release|Any CPU
	EndGlobalSection
	GlobalSection(SolutionProperties) = preSolution
		HideSolutionNode = FALSE
	EndGlobalSection
	GlobalSection(ExtensibilityGlobals) = postSolution
		SolutionGuid = {BD746758-8786-421D-8B59-9F5D8898B8BD}
	EndGlobalSection
EndGlobal
